# This file is autogenerated, do not edit; changes may be undone by the next 'dep ensure'.


[[projects]]
  branch = "master"
  name = "github.com/globalsign/mgo"
  packages = [
    ".",
    "bson",
    "internal/json",
    "internal/sasl",
    "internal/scram"
  ]
  revision = "efe0945164a7e582241f37ae8983c075f8f2e870"

[solve-meta]
  analyzer-name = "dep"
  analyzer-version = 1
  inputs-digest = "4fab2421d4b5eed48cd7c3c1ea41ed4ba96e7983841438c6f28de856a7a913ee"
  solver-name = "gps-cdcl"
  solver-version = 1
